// !$*UTF8*$!
{
	archiveVersion = 1;
	classes = {
	};
	objectVersion = 46;
	objects = {

/* Begin PBXBuildFile section */
		1D3623260D0F684500981E51 /* RoomoteAppDelegate.m in Sources */ = {isa = PBXBuildFile; fileRef = 1D3623250D0F684500981E51 /* RoomoteAppDelegate.m */; };
		1D60589B0D05DD56006BFB54 /* main.m in Sources */ = {isa = PBXBuildFile; fileRef = 29B97316FDCFA39411CA2CEA /* main.m */; };
		1D60589F0D05DD5A006BFB54 /* Foundation.framework in Frameworks */ = {isa = PBXBuildFile; fileRef = 1D30AB110D05D00D00671497 /* Foundation.framework */; };
		1DF5F4E00D08C38300B7A737 /* UIKit.framework in Frameworks */ = {isa = PBXBuildFile; fileRef = 1DF5F4DF0D08C38300B7A737 /* UIKit.framework */; };
		280E754D0DD40C5E005A515E /* FlipsideView.xib in Resources */ = {isa = PBXBuildFile; fileRef = 280E754A0DD40C5E005A515E /* FlipsideView.xib */; };
		280E754E0DD40C5E005A515E /* MainView.xib in Resources */ = {isa = PBXBuildFile; fileRef = 280E754B0DD40C5E005A515E /* MainView.xib */; };
		288765590DF743DE002DB57D /* CoreGraphics.framework in Frameworks */ = {isa = PBXBuildFile; fileRef = 288765580DF743DE002DB57D /* CoreGraphics.framework */; };
		289233A60DB2D0840083E9F9 /* FlipsideView.m in Sources */ = {isa = PBXBuildFile; fileRef = 289233A30DB2D0840083E9F9 /* FlipsideView.m */; };
		289233A70DB2D0840083E9F9 /* MainView.m in Sources */ = {isa = PBXBuildFile; fileRef = 289233A50DB2D0840083E9F9 /* MainView.m */; };
		289233AE0DB2D0DB0083E9F9 /* MainViewController.m in Sources */ = {isa = PBXBuildFile; fileRef = 289233A90DB2D0DB0083E9F9 /* MainViewController.m */; };
		289233AF0DB2D0DB0083E9F9 /* RootViewController.m in Sources */ = {isa = PBXBuildFile; fileRef = 289233AB0DB2D0DB0083E9F9 /* RootViewController.m */; };
		289233B00DB2D0DB0083E9F9 /* FlipsideViewController.m in Sources */ = {isa = PBXBuildFile; fileRef = 289233AD0DB2D0DB0083E9F9 /* FlipsideViewController.m */; };
		D319F08D0F28A3A30067E409 /* Icon.png in Resources */ = {isa = PBXBuildFile; fileRef = D319F08C0F28A3A30067E409 /* Icon.png */; };
		D32AC10B10120A9300F8D10D /* roomba.png in Resources */ = {isa = PBXBuildFile; fileRef = D32AC10A10120A9300F8D10D /* roomba.png */; };
		D32C70791140B46D0048BE95 /* button_160_37.png in Resources */ = {isa = PBXBuildFile; fileRef = D32C70771140B46C0048BE95 /* button_160_37.png */; };
		D32C707A1140B46D0048BE95 /* button_215_37.png in Resources */ = {isa = PBXBuildFile; fileRef = D32C70781140B46C0048BE95 /* button_215_37.png */; };
		D335766D167E69D800C8F613 /* RootViewController.xib in Resources */ = {isa = PBXBuildFile; fileRef = D335766C167E69D800C8F613 /* RootViewController.xib */; };
		D335766F167E6AB800C8F613 /* RootViewController-568h.xib in Resources */ = {isa = PBXBuildFile; fileRef = D335766E167E6AB700C8F613 /* RootViewController-568h.xib */; };
		D338D51D11235E040050EDF3 /* go_button.png in Resources */ = {isa = PBXBuildFile; fileRef = D338D51B11235E040050EDF3 /* go_button.png */; };
		D338D51E11235E040050EDF3 /* stop_button.png in Resources */ = {isa = PBXBuildFile; fileRef = D338D51C11235E040050EDF3 /* stop_button.png */; };
		D3397EEA100B5B8800BEF861 /* AccelerometerControlView.m in Sources */ = {isa = PBXBuildFile; fileRef = D3397EE9100B5B8800BEF861 /* AccelerometerControlView.m */; };
		D3397EEF100B5B9900BEF861 /* AccelerometerControlViewController.m in Sources */ = {isa = PBXBuildFile; fileRef = D3397EEE100B5B9900BEF861 /* AccelerometerControlViewController.m */; };
		D3397F00100B5BFE00BEF861 /* ButtonControlView.m in Sources */ = {isa = PBXBuildFile; fileRef = D3397EFF100B5BFE00BEF861 /* ButtonControlView.m */; };
		D3397F05100B5C0C00BEF861 /* ButtonControlViewController.m in Sources */ = {isa = PBXBuildFile; fileRef = D3397F04100B5C0C00BEF861 /* ButtonControlViewController.m */; };
		D3397F0A100B5EB700BEF861 /* ButtonControlView.xib in Resources */ = {isa = PBXBuildFile; fileRef = D3397F09100B5EB700BEF861 /* ButtonControlView.xib */; };
		D33982F0100E099E00BEF861 /* AccelerometerSimulation.m in Sources */ = {isa = PBXBuildFile; fileRef = D33982EF100E099E00BEF861 /* AccelerometerSimulation.m */; };
		D340F2C1167268E900306FEE /* Default-568h@2x.png in Resources */ = {isa = PBXBuildFile; fileRef = D340F2C0167268E900306FEE /* Default-568h@2x.png */; };
		D343E4461107342A008FAB52 /* CustomCommandEditView.xib in Resources */ = {isa = PBXBuildFile; fileRef = D343E4451107342A008FAB52 /* CustomCommandEditView.xib */; };
		D343E45B11073CEC008FAB52 /* CustomCommandEditViewController.m in Sources */ = {isa = PBXBuildFile; fileRef = D343E45A11073CEC008FAB52 /* CustomCommandEditViewController.m */; };
		D343E4D21107A2F4008FAB52 /* UserDefaults.m in Sources */ = {isa = PBXBuildFile; fileRef = D343E4D11107A2F4008FAB52 /* UserDefaults.m */; };
		D3756FCE0F31D92B009A95C4 /* bg.png in Resources */ = {isa = PBXBuildFile; fileRef = D3756FCD0F31D92B009A95C4 /* bg.png */; };
		D37B9703100B5206009FAA0A /* SwipeControlView.m in Sources */ = {isa = PBXBuildFile; fileRef = D37B9702100B5206009FAA0A /* SwipeControlView.m */; };
		D37B9708100B5263009FAA0A /* SwipeControlViewController.m in Sources */ = {isa = PBXBuildFile; fileRef = D37B9707100B5263009FAA0A /* SwipeControlViewController.m */; };
		D38E24B7167E163200577F6E /* ButtonControlView-568h.xib in Resources */ = {isa = PBXBuildFile; fileRef = D38E24B2167E163200577F6E /* ButtonControlView-568h.xib */; };
		D38E24B8167E163200577F6E /* CustomCommandEditView-568h.xib in Resources */ = {isa = PBXBuildFile; fileRef = D38E24B3167E163200577F6E /* CustomCommandEditView-568h.xib */; };
		D38E24B9167E163200577F6E /* FlipsideView-568h.xib in Resources */ = {isa = PBXBuildFile; fileRef = D38E24B4167E163200577F6E /* FlipsideView-568h.xib */; };
		D38E24BA167E163200577F6E /* MainView-568h.xib in Resources */ = {isa = PBXBuildFile; fileRef = D38E24B5167E163200577F6E /* MainView-568h.xib */; };
		D39EE2560F4301670005A173 /* SongPickerController.m in Sources */ = {isa = PBXBuildFile; fileRef = D39EE2550F4301670005A173 /* SongPickerController.m */; };
		D39EE3F70F445D700005A173 /* DemoPickerController.m in Sources */ = {isa = PBXBuildFile; fileRef = D39EE3F60F445D700005A173 /* DemoPickerController.m */; };
		D39EE4330F4467360005A173 /* ServerPickerController.m in Sources */ = {isa = PBXBuildFile; fileRef = D39EE4320F4467360005A173 /* ServerPickerController.m */; };
		D39EE4420F446AE20005A173 /* BonjourBrowser.m in Sources */ = {isa = PBXBuildFile; fileRef = D39EE4410F446AE20005A173 /* BonjourBrowser.m */; };
		D39EE77B0F44D8270005A173 /* QuartzCore.framework in Frameworks */ = {isa = PBXBuildFile; fileRef = D39EE77A0F44D8270005A173 /* QuartzCore.framework */; };
		D3AA00030F4DDA350031897D /* info_25_50.png in Resources */ = {isa = PBXBuildFile; fileRef = D3AA00020F4DDA350031897D /* info_25_50.png */; };
		D3AA00070F4DDAE40031897D /* info_20_50.png in Resources */ = {isa = PBXBuildFile; fileRef = D3AA00060F4DDAE40031897D /* info_20_50.png */; };
		D3B2F610155EBAF100DBAC13 /* backward_left@2x.png in Resources */ = {isa = PBXBuildFile; fileRef = D3B2F5FE155EBAF000DBAC13 /* backward_left@2x.png */; };
		D3B2F611155EBAF100DBAC13 /* backward_right@2x.png in Resources */ = {isa = PBXBuildFile; fileRef = D3B2F5FF155EBAF000DBAC13 /* backward_right@2x.png */; };
		D3B2F612155EBAF100DBAC13 /* backward@2x.png in Resources */ = {isa = PBXBuildFile; fileRef = D3B2F600155EBAF000DBAC13 /* backward@2x.png */; };
		D3B2F613155EBAF100DBAC13 /* button_64_38@2x.png in Resources */ = {isa = PBXBuildFile; fileRef = D3B2F601155EBAF000DBAC13 /* button_64_38@2x.png */; };
		D3B2F614155EBAF100DBAC13 /* button_88_38@2x.png in Resources */ = {isa = PBXBuildFile; fileRef = D3B2F602155EBAF000DBAC13 /* button_88_38@2x.png */; };
		D3B2F615155EBAF100DBAC13 /* button_160_37@2x.png in Resources */ = {isa = PBXBuildFile; fileRef = D3B2F603155EBAF000DBAC13 /* button_160_37@2x.png */; };
		D3B2F616155EBAF100DBAC13 /* button_208_38@2x.png in Resources */ = {isa = PBXBuildFile; fileRef = D3B2F604155EBAF000DBAC13 /* button_208_38@2x.png */; };
		D3B2F617155EBAF100DBAC13 /* button_215_37@2x.png in Resources */ = {isa = PBXBuildFile; fileRef = D3B2F605155EBAF000DBAC13 /* button_215_37@2x.png */; };
		D3B2F618155EBAF100DBAC13 /* forward_left@2x.png in Resources */ = {isa = PBXBuildFile; fileRef = D3B2F606155EBAF000DBAC13 /* forward_left@2x.png */; };
		D3B2F619155EBAF100DBAC13 /* forward_right@2x.png in Resources */ = {isa = PBXBuildFile; fileRef = D3B2F607155EBAF000DBAC13 /* forward_right@2x.png */; };
		D3B2F61A155EBAF100DBAC13 /* forward@2x.png in Resources */ = {isa = PBXBuildFile; fileRef = D3B2F608155EBAF000DBAC13 /* forward@2x.png */; };
		D3B2F61B155EBAF100DBAC13 /* go_button@2x.png in Resources */ = {isa = PBXBuildFile; fileRef = D3B2F609155EBAF000DBAC13 /* go_button@2x.png */; };
		D3B2F61C155EBAF100DBAC13 /* roomba@2x.png in Resources */ = {isa = PBXBuildFile; fileRef = D3B2F60A155EBAF000DBAC13 /* roomba@2x.png */; };
		D3B2F61D155EBAF100DBAC13 /* spin_left@2x.png in Resources */ = {isa = PBXBuildFile; fileRef = D3B2F60B155EBAF000DBAC13 /* spin_left@2x.png */; };
		D3B2F61E155EBAF100DBAC13 /* spin_right@2x.png in Resources */ = {isa = PBXBuildFile; fileRef = D3B2F60C155EBAF000DBAC13 /* spin_right@2x.png */; };
		D3B2F61F155EBAF100DBAC13 /* stop_button@2x.png in Resources */ = {isa = PBXBuildFile; fileRef = D3B2F60D155EBAF000DBAC13 /* stop_button@2x.png */; };
		D3B2F620155EBAF100DBAC13 /* stop_gray@2x.png in Resources */ = {isa = PBXBuildFile; fileRef = D3B2F60E155EBAF000DBAC13 /* stop_gray@2x.png */; };
		D3B2F621155EBAF100DBAC13 /* stop@2x.png in Resources */ = {isa = PBXBuildFile; fileRef = D3B2F60F155EBAF100DBAC13 /* stop@2x.png */; };
		D3B2F624155EBB9800DBAC13 /* Icon@2x.png in Resources */ = {isa = PBXBuildFile; fileRef = D3B2F623155EBB9800DBAC13 /* Icon@2x.png */; };
		D3B2F626155EBDD300DBAC13 /* bg@2x.png in Resources */ = {isa = PBXBuildFile; fileRef = D3B2F625155EBDD300DBAC13 /* bg@2x.png */; };
		D3B2F629155EBFC900DBAC13 /* info_20_50@2x.png in Resources */ = {isa = PBXBuildFile; fileRef = D3B2F627155EBFC800DBAC13 /* info_20_50@2x.png */; };
		D3B2F62A155EBFC900DBAC13 /* info_25_50@2x.png in Resources */ = {isa = PBXBuildFile; fileRef = D3B2F628155EBFC900DBAC13 /* info_25_50@2x.png */; };
		D3B2F631155ECF9400DBAC13 /* Default.png in Resources */ = {isa = PBXBuildFile; fileRef = D3B2F62F155ECF9300DBAC13 /* Default.png */; };
		D3B2F632155ECF9400DBAC13 /* Default@2x.png in Resources */ = {isa = PBXBuildFile; fileRef = D3B2F630155ECF9400DBAC13 /* Default@2x.png */; };
		D3D2CD9C11553A4200F4ECDD /* tutorial.html in Resources */ = {isa = PBXBuildFile; fileRef = D3D2CD9B11553A4200F4ECDD /* tutorial.html */; };
		D3E3328E113F5FAD009D625E /* button_64_38.png in Resources */ = {isa = PBXBuildFile; fileRef = D3E3328D113F5FAD009D625E /* button_64_38.png */; };
		D3E33291113F6265009D625E /* button_208_38.png in Resources */ = {isa = PBXBuildFile; fileRef = D3E3328F113F6265009D625E /* button_208_38.png */; };
		D3E33292113F6265009D625E /* button_88_38.png in Resources */ = {isa = PBXBuildFile; fileRef = D3E33290113F6265009D625E /* button_88_38.png */; };
		D3E97D6F113560EB003FF26E /* forward_left.png in Resources */ = {isa = PBXBuildFile; fileRef = D3E97D6B113560EB003FF26E /* forward_left.png */; };
		D3E97D70113560EB003FF26E /* forward_right.png in Resources */ = {isa = PBXBuildFile; fileRef = D3E97D6C113560EB003FF26E /* forward_right.png */; };
		D3E97D71113560EB003FF26E /* spin_left.png in Resources */ = {isa = PBXBuildFile; fileRef = D3E97D6D113560EB003FF26E /* spin_left.png */; };
		D3E97D72113560EB003FF26E /* spin_right.png in Resources */ = {isa = PBXBuildFile; fileRef = D3E97D6E113560EB003FF26E /* spin_right.png */; };
		D3E97D751135617E003FF26E /* backward_left.png in Resources */ = {isa = PBXBuildFile; fileRef = D3E97D731135617E003FF26E /* backward_left.png */; };
		D3E97D761135617E003FF26E /* backward_right.png in Resources */ = {isa = PBXBuildFile; fileRef = D3E97D741135617E003FF26E /* backward_right.png */; };
		D3E97D7911356326003FF26E /* stop_gray.png in Resources */ = {isa = PBXBuildFile; fileRef = D3E97D7711356326003FF26E /* stop_gray.png */; };
		D3E97D7A11356326003FF26E /* stop.png in Resources */ = {isa = PBXBuildFile; fileRef = D3E97D7811356326003FF26E /* stop.png */; };
		D3E97D7C11356DD4003FF26E /* forward.png in Resources */ = {isa = PBXBuildFile; fileRef = D3E97D7B11356DD4003FF26E /* forward.png */; };
		D3E97D7E11356EE3003FF26E /* backward.png in Resources */ = {isa = PBXBuildFile; fileRef = D3E97D7D11356EE3003FF26E /* backward.png */; };
		D3F5B47D0F3B297B0001FCF0 /* RoombaComm.m in Sources */ = {isa = PBXBuildFile; fileRef = D3F5B47C0F3B297B0001FCF0 /* RoombaComm.m */; };
/* End PBXBuildFile section */

/* Begin PBXFileReference section */
		1D30AB110D05D00D00671497 /* Foundation.framework */ = {isa = PBXFileReference; lastKnownFileType = wrapper.framework; name = Foundation.framework; path = System/Library/Frameworks/Foundation.framework; sourceTree = SDKROOT; };
		1D3623240D0F684500981E51 /* RoomoteAppDelegate.h */ = {isa = PBXFileReference; fileEncoding = 4; lastKnownFileType = sourcecode.c.h; path = RoomoteAppDelegate.h; sourceTree = "<group>"; };
		1D3623250D0F684500981E51 /* RoomoteAppDelegate.m */ = {isa = PBXFileReference; fileEncoding = 4; lastKnownFileType = sourcecode.c.objc; path = RoomoteAppDelegate.m; sourceTree = "<group>"; };
		1D6058910D05DD3D006BFB54 /* Roomote.app */ = {isa = PBXFileReference; explicitFileType = wrapper.application; includeInIndex = 0; path = Roomote.app; sourceTree = BUILT_PRODUCTS_DIR; };
		1DF5F4DF0D08C38300B7A737 /* UIKit.framework */ = {isa = PBXFileReference; lastKnownFileType = wrapper.framework; name = UIKit.framework; path = System/Library/Frameworks/UIKit.framework; sourceTree = SDKROOT; };
		280E754A0DD40C5E005A515E /* FlipsideView.xib */ = {isa = PBXFileReference; lastKnownFileType = file.xib; path = FlipsideView.xib; sourceTree = "<group>"; };
		280E754B0DD40C5E005A515E /* MainView.xib */ = {isa = PBXFileReference; lastKnownFileType = file.xib; path = MainView.xib; sourceTree = "<group>"; };
		288765580DF743DE002DB57D /* CoreGraphics.framework */ = {isa = PBXFileReference; lastKnownFileType = wrapper.framework; name = CoreGraphics.framework; path = System/Library/Frameworks/CoreGraphics.framework; sourceTree = SDKROOT; };
		289233A20DB2D0840083E9F9 /* FlipsideView.h */ = {isa = PBXFileReference; fileEncoding = 4; lastKnownFileType = sourcecode.c.h; path = FlipsideView.h; sourceTree = "<group>"; };
		289233A30DB2D0840083E9F9 /* FlipsideView.m */ = {isa = PBXFileReference; fileEncoding = 4; lastKnownFileType = sourcecode.c.objc; path = FlipsideView.m; sourceTree = "<group>"; };
		289233A40DB2D0840083E9F9 /* MainView.h */ = {isa = PBXFileReference; fileEncoding = 4; lastKnownFileType = sourcecode.c.h; path = MainView.h; sourceTree = "<group>"; };
		289233A50DB2D0840083E9F9 /* MainView.m */ = {isa = PBXFileReference; fileEncoding = 4; lastKnownFileType = sourcecode.c.objc; path = MainView.m; sourceTree = "<group>"; };
		289233A80DB2D0DB0083E9F9 /* MainViewController.h */ = {isa = PBXFileReference; fileEncoding = 4; lastKnownFileType = sourcecode.c.h; path = MainViewController.h; sourceTree = "<group>"; };
		289233A90DB2D0DB0083E9F9 /* MainViewController.m */ = {isa = PBXFileReference; fileEncoding = 4; lastKnownFileType = sourcecode.c.objc; path = MainViewController.m; sourceTree = "<group>"; };
		289233AA0DB2D0DB0083E9F9 /* RootViewController.h */ = {isa = PBXFileReference; fileEncoding = 4; lastKnownFileType = sourcecode.c.h; path = RootViewController.h; sourceTree = "<group>"; };
		289233AB0DB2D0DB0083E9F9 /* RootViewController.m */ = {isa = PBXFileReference; fileEncoding = 4; lastKnownFileType = sourcecode.c.objc; path = RootViewController.m; sourceTree = "<group>"; };
		289233AC0DB2D0DB0083E9F9 /* FlipsideViewController.h */ = {isa = PBXFileReference; fileEncoding = 4; lastKnownFileType = sourcecode.c.h; path = FlipsideViewController.h; sourceTree = "<group>"; };
		289233AD0DB2D0DB0083E9F9 /* FlipsideViewController.m */ = {isa = PBXFileReference; fileEncoding = 4; lastKnownFileType = sourcecode.c.objc; path = FlipsideViewController.m; sourceTree = "<group>"; };
		29B97316FDCFA39411CA2CEA /* main.m */ = {isa = PBXFileReference; fileEncoding = 4; lastKnownFileType = sourcecode.c.objc; path = main.m; sourceTree = "<group>"; };
		32CA4F630368D1EE00C91783 /* Roomote_Prefix.pch */ = {isa = PBXFileReference; fileEncoding = 4; lastKnownFileType = sourcecode.c.h; path = Roomote_Prefix.pch; sourceTree = "<group>"; };
		8D1107310486CEB800E47090 /* Info.plist */ = {isa = PBXFileReference; fileEncoding = 4; lastKnownFileType = text.plist.xml; path = Info.plist; sourceTree = "<group>"; };
		D304898C0F35D5770072B1EC /* networking.h */ = {isa = PBXFileReference; fileEncoding = 4; lastKnownFileType = sourcecode.c.h; path = networking.h; sourceTree = "<group>"; };
		D319F08C0F28A3A30067E409 /* Icon.png */ = {isa = PBXFileReference; lastKnownFileType = image.png; path = Icon.png; sourceTree = "<group>"; };
		D32AC10A10120A9300F8D10D /* roomba.png */ = {isa = PBXFileReference; lastKnownFileType = image.png; path = roomba.png; sourceTree = "<group>"; };
		D32C70771140B46C0048BE95 /* button_160_37.png */ = {isa = PBXFileReference; lastKnownFileType = image.png; path = button_160_37.png; sourceTree = "<group>"; };
		D32C70781140B46C0048BE95 /* button_215_37.png */ = {isa = PBXFileReference; lastKnownFileType = image.png; path = button_215_37.png; sourceTree = "<group>"; };
		D335766C167E69D800C8F613 /* RootViewController.xib */ = {isa = PBXFileReference; fileEncoding = 4; lastKnownFileType = file.xib; path = RootViewController.xib; sourceTree = "<group>"; };
		D335766E167E6AB700C8F613 /* RootViewController-568h.xib */ = {isa = PBXFileReference; fileEncoding = 4; lastKnownFileType = file.xib; path = "RootViewController-568h.xib"; sourceTree = "<group>"; };
		D338D51B11235E040050EDF3 /* go_button.png */ = {isa = PBXFileReference; lastKnownFileType = image.png; path = go_button.png; sourceTree = "<group>"; };
		D338D51C11235E040050EDF3 /* stop_button.png */ = {isa = PBXFileReference; lastKnownFileType = image.png; path = stop_button.png; sourceTree = "<group>"; };
		D3397EE8100B5B8800BEF861 /* AccelerometerControlView.h */ = {isa = PBXFileReference; fileEncoding = 4; lastKnownFileType = sourcecode.c.h; path = AccelerometerControlView.h; sourceTree = "<group>"; };
		D3397EE9100B5B8800BEF861 /* AccelerometerControlView.m */ = {isa = PBXFileReference; fileEncoding = 4; lastKnownFileType = sourcecode.c.objc; path = AccelerometerControlView.m; sourceTree = "<group>"; };
		D3397EED100B5B9900BEF861 /* AccelerometerControlViewController.h */ = {isa = PBXFileReference; fileEncoding = 4; lastKnownFileType = sourcecode.c.h; path = AccelerometerControlViewController.h; sourceTree = "<group>"; };
		D3397EEE100B5B9900BEF861 /* AccelerometerControlViewController.m */ = {isa = PBXFileReference; fileEncoding = 4; lastKnownFileType = sourcecode.c.objc; lineEnding = 0; path = AccelerometerControlViewController.m; sourceTree = "<group>"; xcLanguageSpecificationIdentifier = xcode.lang.objc; };
		D3397EFE100B5BFE00BEF861 /* ButtonControlView.h */ = {isa = PBXFileReference; fileEncoding = 4; lastKnownFileType = sourcecode.c.h; path = ButtonControlView.h; sourceTree = "<group>"; };
		D3397EFF100B5BFE00BEF861 /* ButtonControlView.m */ = {isa = PBXFileReference; fileEncoding = 4; lastKnownFileType = sourcecode.c.objc; path = ButtonControlView.m; sourceTree = "<group>"; };
		D3397F03100B5C0C00BEF861 /* ButtonControlViewController.h */ = {isa = PBXFileReference; fileEncoding = 4; lastKnownFileType = sourcecode.c.h; path = ButtonControlViewController.h; sourceTree = "<group>"; };
		D3397F04100B5C0C00BEF861 /* ButtonControlViewController.m */ = {isa = PBXFileReference; fileEncoding = 4; lastKnownFileType = sourcecode.c.objc; path = ButtonControlViewController.m; sourceTree = "<group>"; };
		D3397F09100B5EB700BEF861 /* ButtonControlView.xib */ = {isa = PBXFileReference; lastKnownFileType = file.xib; path = ButtonControlView.xib; sourceTree = "<group>"; };
		D3397FB3100B657200BEF861 /* ControlViewController.h */ = {isa = PBXFileReference; fileEncoding = 4; lastKnownFileType = sourcecode.c.h; path = ControlViewController.h; sourceTree = "<group>"; };
		D33982EE100E099E00BEF861 /* AccelerometerSimulation.h */ = {isa = PBXFileReference; fileEncoding = 4; lastKnownFileType = sourcecode.c.h; path = AccelerometerSimulation.h; sourceTree = "<group>"; };
		D33982EF100E099E00BEF861 /* AccelerometerSimulation.m */ = {isa = PBXFileReference; fileEncoding = 4; lastKnownFileType = sourcecode.c.objc; path = AccelerometerSimulation.m; sourceTree = "<group>"; };
		D340F2C0167268E900306FEE /* Default-568h@2x.png */ = {isa = PBXFileReference; lastKnownFileType = image.png; path = "Default-568h@2x.png"; sourceTree = "<group>"; };
		D343E4451107342A008FAB52 /* CustomCommandEditView.xib */ = {isa = PBXFileReference; lastKnownFileType = file.xib; path = CustomCommandEditView.xib; sourceTree = "<group>"; };
		D343E45911073CEC008FAB52 /* CustomCommandEditViewController.h */ = {isa = PBXFileReference; fileEncoding = 4; lastKnownFileType = sourcecode.c.h; path = CustomCommandEditViewController.h; sourceTree = "<group>"; };
		D343E45A11073CEC008FAB52 /* CustomCommandEditViewController.m */ = {isa = PBXFileReference; fileEncoding = 4; lastKnownFileType = sourcecode.c.objc; path = CustomCommandEditViewController.m; sourceTree = "<group>"; };
		D343E4D01107A2F4008FAB52 /* UserDefaults.h */ = {isa = PBXFileReference; fileEncoding = 4; lastKnownFileType = sourcecode.c.h; path = UserDefaults.h; sourceTree = "<group>"; };
		D343E4D11107A2F4008FAB52 /* UserDefaults.m */ = {isa = PBXFileReference; fileEncoding = 4; lastKnownFileType = sourcecode.c.objc; path = UserDefaults.m; sourceTree = "<group>"; };
		D3756FCD0F31D92B009A95C4 /* bg.png */ = {isa = PBXFileReference; lastKnownFileType = image.png; path = bg.png; sourceTree = "<group>"; };
		D37B9701100B5206009FAA0A /* SwipeControlView.h */ = {isa = PBXFileReference; fileEncoding = 4; lastKnownFileType = sourcecode.c.h; path = SwipeControlView.h; sourceTree = "<group>"; };
		D37B9702100B5206009FAA0A /* SwipeControlView.m */ = {isa = PBXFileReference; fileEncoding = 4; lastKnownFileType = sourcecode.c.objc; path = SwipeControlView.m; sourceTree = "<group>"; };
		D37B9706100B5263009FAA0A /* SwipeControlViewController.h */ = {isa = PBXFileReference; fileEncoding = 4; lastKnownFileType = sourcecode.c.h; path = SwipeControlViewController.h; sourceTree = "<group>"; };
		D37B9707100B5263009FAA0A /* SwipeControlViewController.m */ = {isa = PBXFileReference; fileEncoding = 4; lastKnownFileType = sourcecode.c.objc; lineEnding = 0; path = SwipeControlViewController.m; sourceTree = "<group>"; xcLanguageSpecificationIdentifier = xcode.lang.objc; };
		D38D79A80F29FB030041E391 /* constants.h */ = {isa = PBXFileReference; fileEncoding = 4; lastKnownFileType = sourcecode.c.h; path = constants.h; sourceTree = "<group>"; };
		D38E24B2167E163200577F6E /* ButtonControlView-568h.xib */ = {isa = PBXFileReference; fileEncoding = 4; lastKnownFileType = file.xib; path = "ButtonControlView-568h.xib"; sourceTree = "<group>"; };
		D38E24B3167E163200577F6E /* CustomCommandEditView-568h.xib */ = {isa = PBXFileReference; fileEncoding = 4; lastKnownFileType = file.xib; path = "CustomCommandEditView-568h.xib"; sourceTree = "<group>"; };
		D38E24B4167E163200577F6E /* FlipsideView-568h.xib */ = {isa = PBXFileReference; fileEncoding = 4; lastKnownFileType = file.xib; path = "FlipsideView-568h.xib"; sourceTree = "<group>"; };
		D38E24B5167E163200577F6E /* MainView-568h.xib */ = {isa = PBXFileReference; fileEncoding = 4; lastKnownFileType = file.xib; path = "MainView-568h.xib"; sourceTree = "<group>"; };
		D39EE2540F4301670005A173 /* SongPickerController.h */ = {isa = PBXFileReference; fileEncoding = 4; lastKnownFileType = sourcecode.c.h; path = SongPickerController.h; sourceTree = "<group>"; };
		D39EE2550F4301670005A173 /* SongPickerController.m */ = {isa = PBXFileReference; fileEncoding = 4; lastKnownFileType = sourcecode.c.objc; path = SongPickerController.m; sourceTree = "<group>"; };
		D39EE3F50F445D700005A173 /* DemoPickerController.h */ = {isa = PBXFileReference; fileEncoding = 4; lastKnownFileType = sourcecode.c.h; path = DemoPickerController.h; sourceTree = "<group>"; };
		D39EE3F60F445D700005A173 /* DemoPickerController.m */ = {isa = PBXFileReference; fileEncoding = 4; lastKnownFileType = sourcecode.c.objc; path = DemoPickerController.m; sourceTree = "<group>"; };
		D39EE4310F4467360005A173 /* ServerPickerController.h */ = {isa = PBXFileReference; fileEncoding = 4; lastKnownFileType = sourcecode.c.h; path = ServerPickerController.h; sourceTree = "<group>"; };
		D39EE4320F4467360005A173 /* ServerPickerController.m */ = {isa = PBXFileReference; fileEncoding = 4; lastKnownFileType = sourcecode.c.objc; path = ServerPickerController.m; sourceTree = "<group>"; };
		D39EE4400F446AE20005A173 /* BonjourBrowser.h */ = {isa = PBXFileReference; fileEncoding = 4; lastKnownFileType = sourcecode.c.h; path = BonjourBrowser.h; sourceTree = "<group>"; };
		D39EE4410F446AE20005A173 /* BonjourBrowser.m */ = {isa = PBXFileReference; fileEncoding = 4; lastKnownFileType = sourcecode.c.objc; path = BonjourBrowser.m; sourceTree = "<group>"; };
		D39EE77A0F44D8270005A173 /* QuartzCore.framework */ = {isa = PBXFileReference; lastKnownFileType = wrapper.framework; name = QuartzCore.framework; path = /System/Library/Frameworks/QuartzCore.framework; sourceTree = "<absolute>"; };
		D3AA00020F4DDA350031897D /* info_25_50.png */ = {isa = PBXFileReference; lastKnownFileType = image.png; path = info_25_50.png; sourceTree = "<group>"; };
		D3AA00060F4DDAE40031897D /* info_20_50.png */ = {isa = PBXFileReference; lastKnownFileType = image.png; path = info_20_50.png; sourceTree = "<group>"; };
		D3B2F5FE155EBAF000DBAC13 /* backward_left@2x.png */ = {isa = PBXFileReference; lastKnownFileType = image.png; path = "backward_left@2x.png"; sourceTree = "<group>"; };
		D3B2F5FF155EBAF000DBAC13 /* backward_right@2x.png */ = {isa = PBXFileReference; lastKnownFileType = image.png; path = "backward_right@2x.png"; sourceTree = "<group>"; };
		D3B2F600155EBAF000DBAC13 /* backward@2x.png */ = {isa = PBXFileReference; lastKnownFileType = image.png; path = "backward@2x.png"; sourceTree = "<group>"; };
		D3B2F601155EBAF000DBAC13 /* button_64_38@2x.png */ = {isa = PBXFileReference; lastKnownFileType = image.png; path = "button_64_38@2x.png"; sourceTree = "<group>"; };
		D3B2F602155EBAF000DBAC13 /* button_88_38@2x.png */ = {isa = PBXFileReference; lastKnownFileType = image.png; path = "button_88_38@2x.png"; sourceTree = "<group>"; };
		D3B2F603155EBAF000DBAC13 /* button_160_37@2x.png */ = {isa = PBXFileReference; lastKnownFileType = image.png; path = "button_160_37@2x.png"; sourceTree = "<group>"; };
		D3B2F604155EBAF000DBAC13 /* button_208_38@2x.png */ = {isa = PBXFileReference; lastKnownFileType = image.png; path = "button_208_38@2x.png"; sourceTree = "<group>"; };
		D3B2F605155EBAF000DBAC13 /* button_215_37@2x.png */ = {isa = PBXFileReference; lastKnownFileType = image.png; path = "button_215_37@2x.png"; sourceTree = "<group>"; };
		D3B2F606155EBAF000DBAC13 /* forward_left@2x.png */ = {isa = PBXFileReference; lastKnownFileType = image.png; path = "forward_left@2x.png"; sourceTree = "<group>"; };
		D3B2F607155EBAF000DBAC13 /* forward_right@2x.png */ = {isa = PBXFileReference; lastKnownFileType = image.png; path = "forward_right@2x.png"; sourceTree = "<group>"; };
		D3B2F608155EBAF000DBAC13 /* forward@2x.png */ = {isa = PBXFileReference; lastKnownFileType = image.png; path = "forward@2x.png"; sourceTree = "<group>"; };
		D3B2F609155EBAF000DBAC13 /* go_button@2x.png */ = {isa = PBXFileReference; lastKnownFileType = image.png; path = "go_button@2x.png"; sourceTree = "<group>"; };
		D3B2F60A155EBAF000DBAC13 /* roomba@2x.png */ = {isa = PBXFileReference; lastKnownFileType = image.png; path = "roomba@2x.png"; sourceTree = "<group>"; };
		D3B2F60B155EBAF000DBAC13 /* spin_left@2x.png */ = {isa = PBXFileReference; lastKnownFileType = image.png; path = "spin_left@2x.png"; sourceTree = "<group>"; };
		D3B2F60C155EBAF000DBAC13 /* spin_right@2x.png */ = {isa = PBXFileReference; lastKnownFileType = image.png; path = "spin_right@2x.png"; sourceTree = "<group>"; };
		D3B2F60D155EBAF000DBAC13 /* stop_button@2x.png */ = {isa = PBXFileReference; lastKnownFileType = image.png; path = "stop_button@2x.png"; sourceTree = "<group>"; };
		D3B2F60E155EBAF000DBAC13 /* stop_gray@2x.png */ = {isa = PBXFileReference; lastKnownFileType = image.png; path = "stop_gray@2x.png"; sourceTree = "<group>"; };
		D3B2F60F155EBAF100DBAC13 /* stop@2x.png */ = {isa = PBXFileReference; lastKnownFileType = image.png; path = "stop@2x.png"; sourceTree = "<group>"; };
		D3B2F623155EBB9800DBAC13 /* Icon@2x.png */ = {isa = PBXFileReference; lastKnownFileType = image.png; path = "Icon@2x.png"; sourceTree = "<group>"; };
		D3B2F625155EBDD300DBAC13 /* bg@2x.png */ = {isa = PBXFileReference; lastKnownFileType = image.png; path = "bg@2x.png"; sourceTree = "<group>"; };
		D3B2F627155EBFC800DBAC13 /* info_20_50@2x.png */ = {isa = PBXFileReference; lastKnownFileType = image.png; path = "info_20_50@2x.png"; sourceTree = "<group>"; };
		D3B2F628155EBFC900DBAC13 /* info_25_50@2x.png */ = {isa = PBXFileReference; lastKnownFileType = image.png; path = "info_25_50@2x.png"; sourceTree = "<group>"; };
		D3B2F62F155ECF9300DBAC13 /* Default.png */ = {isa = PBXFileReference; lastKnownFileType = image.png; path = Default.png; sourceTree = "<group>"; };
		D3B2F630155ECF9400DBAC13 /* Default@2x.png */ = {isa = PBXFileReference; lastKnownFileType = image.png; path = "Default@2x.png"; sourceTree = "<group>"; };
		D3D2CD9B11553A4200F4ECDD /* tutorial.html */ = {isa = PBXFileReference; fileEncoding = 4; lastKnownFileType = text.html; path = tutorial.html; sourceTree = "<group>"; };
		D3E3328D113F5FAD009D625E /* button_64_38.png */ = {isa = PBXFileReference; lastKnownFileType = image.png; path = button_64_38.png; sourceTree = "<group>"; };
		D3E3328F113F6265009D625E /* button_208_38.png */ = {isa = PBXFileReference; lastKnownFileType = image.png; path = button_208_38.png; sourceTree = "<group>"; };
		D3E33290113F6265009D625E /* button_88_38.png */ = {isa = PBXFileReference; lastKnownFileType = image.png; path = button_88_38.png; sourceTree = "<group>"; };
		D3E97D6B113560EB003FF26E /* forward_left.png */ = {isa = PBXFileReference; lastKnownFileType = image.png; path = forward_left.png; sourceTree = "<group>"; };
		D3E97D6C113560EB003FF26E /* forward_right.png */ = {isa = PBXFileReference; lastKnownFileType = image.png; path = forward_right.png; sourceTree = "<group>"; };
		D3E97D6D113560EB003FF26E /* spin_left.png */ = {isa = PBXFileReference; lastKnownFileType = image.png; path = spin_left.png; sourceTree = "<group>"; };
		D3E97D6E113560EB003FF26E /* spin_right.png */ = {isa = PBXFileReference; lastKnownFileType = image.png; path = spin_right.png; sourceTree = "<group>"; };
		D3E97D731135617E003FF26E /* backward_left.png */ = {isa = PBXFileReference; lastKnownFileType = image.png; path = backward_left.png; sourceTree = "<group>"; };
		D3E97D741135617E003FF26E /* backward_right.png */ = {isa = PBXFileReference; lastKnownFileType = image.png; path = backward_right.png; sourceTree = "<group>"; };
		D3E97D7711356326003FF26E /* stop_gray.png */ = {isa = PBXFileReference; lastKnownFileType = image.png; path = stop_gray.png; sourceTree = "<group>"; };
		D3E97D7811356326003FF26E /* stop.png */ = {isa = PBXFileReference; lastKnownFileType = image.png; path = stop.png; sourceTree = "<group>"; };
		D3E97D7B11356DD4003FF26E /* forward.png */ = {isa = PBXFileReference; lastKnownFileType = image.png; path = forward.png; sourceTree = "<group>"; };
		D3E97D7D11356EE3003FF26E /* backward.png */ = {isa = PBXFileReference; lastKnownFileType = image.png; path = backward.png; sourceTree = "<group>"; };
		D3F5B47B0F3B297B0001FCF0 /* RoombaComm.h */ = {isa = PBXFileReference; fileEncoding = 4; lastKnownFileType = sourcecode.c.h; path = RoombaComm.h; sourceTree = "<group>"; };
		D3F5B47C0F3B297B0001FCF0 /* RoombaComm.m */ = {isa = PBXFileReference; fileEncoding = 4; lastKnownFileType = sourcecode.c.objc; path = RoombaComm.m; sourceTree = "<group>"; };
/* End PBXFileReference section */

/* Begin PBXFrameworksBuildPhase section */
		1D60588F0D05DD3D006BFB54 /* Frameworks */ = {
			isa = PBXFrameworksBuildPhase;
			buildActionMask = 2147483647;
			files = (
				1D60589F0D05DD5A006BFB54 /* Foundation.framework in Frameworks */,
				1DF5F4E00D08C38300B7A737 /* UIKit.framework in Frameworks */,
				288765590DF743DE002DB57D /* CoreGraphics.framework in Frameworks */,
				D39EE77B0F44D8270005A173 /* QuartzCore.framework in Frameworks */,
			);
			runOnlyForDeploymentPostprocessing = 0;
		};
/* End PBXFrameworksBuildPhase section */

/* Begin PBXGroup section */
		080E96DDFE201D6D7F000001 /* Application Controllers */ = {
			isa = PBXGroup;
			children = (
				289233AA0DB2D0DB0083E9F9 /* RootViewController.h */,
				289233AB0DB2D0DB0083E9F9 /* RootViewController.m */,
				1D3623240D0F684500981E51 /* RoomoteAppDelegate.h */,
				1D3623250D0F684500981E51 /* RoomoteAppDelegate.m */,
				D343E4D01107A2F4008FAB52 /* UserDefaults.h */,
				D343E4D11107A2F4008FAB52 /* UserDefaults.m */,
			);
			name = "Application Controllers";
			path = Classes;
			sourceTree = "<group>";
		};
		19C28FACFE9D520D11CA2CBB /* Products */ = {
			isa = PBXGroup;
			children = (
				1D6058910D05DD3D006BFB54 /* Roomote.app */,
			);
			name = Products;
			sourceTree = "<group>";
		};
		281C6CD70DB2D82200F60ACC /* Flipside View */ = {
			isa = PBXGroup;
			children = (
				289233A20DB2D0840083E9F9 /* FlipsideView.h */,
				289233A30DB2D0840083E9F9 /* FlipsideView.m */,
				289233AC0DB2D0DB0083E9F9 /* FlipsideViewController.h */,
				289233AD0DB2D0DB0083E9F9 /* FlipsideViewController.m */,
				D39EE2540F4301670005A173 /* SongPickerController.h */,
				D39EE2550F4301670005A173 /* SongPickerController.m */,
				D39EE3F50F445D700005A173 /* DemoPickerController.h */,
				D39EE3F60F445D700005A173 /* DemoPickerController.m */,
			);
			name = "Flipside View";
			path = Classes;
			sourceTree = "<group>";
		};
		289233A00DB2D0730083E9F9 /* Main View */ = {
			isa = PBXGroup;
			children = (
				289233A40DB2D0840083E9F9 /* MainView.h */,
				289233A50DB2D0840083E9F9 /* MainView.m */,
				289233A80DB2D0DB0083E9F9 /* MainViewController.h */,
				289233A90DB2D0DB0083E9F9 /* MainViewController.m */,
				D3397FB3100B657200BEF861 /* ControlViewController.h */,
				D343E45911073CEC008FAB52 /* CustomCommandEditViewController.h */,
				D343E45A11073CEC008FAB52 /* CustomCommandEditViewController.m */,
			);
			name = "Main View";
			path = Classes;
			sourceTree = "<group>";
		};
		29B97314FDCFA39411CA2CEA /* CustomTemplate */ = {
			isa = PBXGroup;
			children = (
				289233A00DB2D0730083E9F9 /* Main View */,
				D3397EFB100B5BED00BEF861 /* Button Control View */,
				D348A87F1008FB3D008C2BC7 /* Swipe Control View */,
				D348A8801008FB46008C2BC7 /* Accelerometer Control View */,
				281C6CD70DB2D82200F60ACC /* Flipside View */,
				D39EE43D0F446A9B0005A173 /* Networking */,
				080E96DDFE201D6D7F000001 /* Application Controllers */,
				D339829E100E03E200BEF861 /* Roomba */,
				29B97315FDCFA39411CA2CEA /* Other Sources */,
				29B97317FDCFA39411CA2CEA /* Resources */,
				29B97323FDCFA39411CA2CEA /* Frameworks */,
				19C28FACFE9D520D11CA2CBB /* Products */,
			);
			name = CustomTemplate;
			sourceTree = "<group>";
		};
		29B97315FDCFA39411CA2CEA /* Other Sources */ = {
			isa = PBXGroup;
			children = (
				D38D79A80F29FB030041E391 /* constants.h */,
				D304898C0F35D5770072B1EC /* networking.h */,
				32CA4F630368D1EE00C91783 /* Roomote_Prefix.pch */,
				29B97316FDCFA39411CA2CEA /* main.m */,
			);
			name = "Other Sources";
			sourceTree = "<group>";
		};
		29B97317FDCFA39411CA2CEA /* Resources */ = {
			isa = PBXGroup;
			children = (
				D32AC0F9101209AC00F8D10D /* Images */,
				D3756FCD0F31D92B009A95C4 /* bg.png */,
				D3B2F625155EBDD300DBAC13 /* bg@2x.png */,
				D319F08C0F28A3A30067E409 /* Icon.png */,
				D3B2F623155EBB9800DBAC13 /* Icon@2x.png */,
				D3B2F62F155ECF9300DBAC13 /* Default.png */,
				D3B2F630155ECF9400DBAC13 /* Default@2x.png */,
				D340F2C0167268E900306FEE /* Default-568h@2x.png */,
				D3AA00060F4DDAE40031897D /* info_20_50.png */,
				D3B2F627155EBFC800DBAC13 /* info_20_50@2x.png */,
				D3AA00020F4DDA350031897D /* info_25_50.png */,
				D3B2F628155EBFC900DBAC13 /* info_25_50@2x.png */,
				D335766C167E69D800C8F613 /* RootViewController.xib */,
				280E754B0DD40C5E005A515E /* MainView.xib */,
				280E754A0DD40C5E005A515E /* FlipsideView.xib */,
				D3397F09100B5EB700BEF861 /* ButtonControlView.xib */,
				D343E4451107342A008FAB52 /* CustomCommandEditView.xib */,
				D335766E167E6AB700C8F613 /* RootViewController-568h.xib */,
				D38E24B5167E163200577F6E /* MainView-568h.xib */,
				D38E24B4167E163200577F6E /* FlipsideView-568h.xib */,
				D38E24B2167E163200577F6E /* ButtonControlView-568h.xib */,
				D38E24B3167E163200577F6E /* CustomCommandEditView-568h.xib */,
				D3D2CD9B11553A4200F4ECDD /* tutorial.html */,
				8D1107310486CEB800E47090 /* Info.plist */,
			);
			name = Resources;
			sourceTree = "<group>";
		};
		29B97323FDCFA39411CA2CEA /* Frameworks */ = {
			isa = PBXGroup;
			children = (
				D39EE77A0F44D8270005A173 /* QuartzCore.framework */,
				1DF5F4DF0D08C38300B7A737 /* UIKit.framework */,
				1D30AB110D05D00D00671497 /* Foundation.framework */,
				288765580DF743DE002DB57D /* CoreGraphics.framework */,
			);
			name = Frameworks;
			sourceTree = "<group>";
		};
		D32AC0F9101209AC00F8D10D /* Images */ = {
			isa = PBXGroup;
			children = (
				D32AC10A10120A9300F8D10D /* roomba.png */,
				D338D51B11235E040050EDF3 /* go_button.png */,
				D338D51C11235E040050EDF3 /* stop_button.png */,
				D3E97D7B11356DD4003FF26E /* forward.png */,
				D3E97D6B113560EB003FF26E /* forward_left.png */,
				D3E97D6C113560EB003FF26E /* forward_right.png */,
				D3E97D7D11356EE3003FF26E /* backward.png */,
				D3E97D731135617E003FF26E /* backward_left.png */,
				D3E97D741135617E003FF26E /* backward_right.png */,
				D3E97D6D113560EB003FF26E /* spin_left.png */,
				D3E97D6E113560EB003FF26E /* spin_right.png */,
				D3E97D7711356326003FF26E /* stop_gray.png */,
				D3E97D7811356326003FF26E /* stop.png */,
				D3E3328D113F5FAD009D625E /* button_64_38.png */,
				D3E33290113F6265009D625E /* button_88_38.png */,
				D3E3328F113F6265009D625E /* button_208_38.png */,
				D32C70771140B46C0048BE95 /* button_160_37.png */,
				D32C70781140B46C0048BE95 /* button_215_37.png */,
				D3B2F5FE155EBAF000DBAC13 /* backward_left@2x.png */,
				D3B2F5FF155EBAF000DBAC13 /* backward_right@2x.png */,
				D3B2F600155EBAF000DBAC13 /* backward@2x.png */,
				D3B2F601155EBAF000DBAC13 /* button_64_38@2x.png */,
				D3B2F602155EBAF000DBAC13 /* button_88_38@2x.png */,
				D3B2F603155EBAF000DBAC13 /* button_160_37@2x.png */,
				D3B2F604155EBAF000DBAC13 /* button_208_38@2x.png */,
				D3B2F605155EBAF000DBAC13 /* button_215_37@2x.png */,
				D3B2F606155EBAF000DBAC13 /* forward_left@2x.png */,
				D3B2F607155EBAF000DBAC13 /* forward_right@2x.png */,
				D3B2F608155EBAF000DBAC13 /* forward@2x.png */,
				D3B2F609155EBAF000DBAC13 /* go_button@2x.png */,
				D3B2F60A155EBAF000DBAC13 /* roomba@2x.png */,
				D3B2F60B155EBAF000DBAC13 /* spin_left@2x.png */,
				D3B2F60C155EBAF000DBAC13 /* spin_right@2x.png */,
				D3B2F60D155EBAF000DBAC13 /* stop_button@2x.png */,
				D3B2F60E155EBAF000DBAC13 /* stop_gray@2x.png */,
				D3B2F60F155EBAF100DBAC13 /* stop@2x.png */,
			);
			path = Images;
			sourceTree = "<group>";
		};
		D3397EFB100B5BED00BEF861 /* Button Control View */ = {
			isa = PBXGroup;
			children = (
				D3397EFE100B5BFE00BEF861 /* ButtonControlView.h */,
				D3397EFF100B5BFE00BEF861 /* ButtonControlView.m */,
				D3397F03100B5C0C00BEF861 /* ButtonControlViewController.h */,
				D3397F04100B5C0C00BEF861 /* ButtonControlViewController.m */,
			);
			name = "Button Control View";
			path = Classes;
			sourceTree = "<group>";
		};
		D339829E100E03E200BEF861 /* Roomba */ = {
			isa = PBXGroup;
			children = (
				D3F5B47B0F3B297B0001FCF0 /* RoombaComm.h */,
				D3F5B47C0F3B297B0001FCF0 /* RoombaComm.m */,
			);
			name = Roomba;
			path = Classes;
			sourceTree = "<group>";
		};
		D348A87F1008FB3D008C2BC7 /* Swipe Control View */ = {
			isa = PBXGroup;
			children = (
				D37B9701100B5206009FAA0A /* SwipeControlView.h */,
				D37B9702100B5206009FAA0A /* SwipeControlView.m */,
				D37B9706100B5263009FAA0A /* SwipeControlViewController.h */,
				D37B9707100B5263009FAA0A /* SwipeControlViewController.m */,
			);
			name = "Swipe Control View";
			path = Classes;
			sourceTree = "<group>";
		};
		D348A8801008FB46008C2BC7 /* Accelerometer Control View */ = {
			isa = PBXGroup;
			children = (
				D33982EE100E099E00BEF861 /* AccelerometerSimulation.h */,
				D33982EF100E099E00BEF861 /* AccelerometerSimulation.m */,
				D3397EE8100B5B8800BEF861 /* AccelerometerControlView.h */,
				D3397EE9100B5B8800BEF861 /* AccelerometerControlView.m */,
				D3397EED100B5B9900BEF861 /* AccelerometerControlViewController.h */,
				D3397EEE100B5B9900BEF861 /* AccelerometerControlViewController.m */,
			);
			name = "Accelerometer Control View";
			path = Classes;
			sourceTree = "<group>";
		};
		D39EE43D0F446A9B0005A173 /* Networking */ = {
			isa = PBXGroup;
			children = (
				D39EE4400F446AE20005A173 /* BonjourBrowser.h */,
				D39EE4410F446AE20005A173 /* BonjourBrowser.m */,
				D39EE4310F4467360005A173 /* ServerPickerController.h */,
				D39EE4320F4467360005A173 /* ServerPickerController.m */,
			);
			name = Networking;
			path = Classes;
			sourceTree = "<group>";
		};
/* End PBXGroup section */

/* Begin PBXNativeTarget section */
		1D6058900D05DD3D006BFB54 /* Roomote */ = {
			isa = PBXNativeTarget;
			buildConfigurationList = 1D6058960D05DD3E006BFB54 /* Build configuration list for PBXNativeTarget "Roomote" */;
			buildPhases = (
				1D60588D0D05DD3D006BFB54 /* Resources */,
				1D60588E0D05DD3D006BFB54 /* Sources */,
				1D60588F0D05DD3D006BFB54 /* Frameworks */,
			);
			buildRules = (
			);
			dependencies = (
			);
			name = Roomote;
			productName = Roomote;
			productReference = 1D6058910D05DD3D006BFB54 /* Roomote.app */;
			productType = "com.apple.product-type.application";
		};
/* End PBXNativeTarget section */

/* Begin PBXProject section */
		29B97313FDCFA39411CA2CEA /* Project object */ = {
			isa = PBXProject;
			attributes = {
				LastUpgradeCheck = 0450;
			};
			buildConfigurationList = C01FCF4E08A954540054247B /* Build configuration list for PBXProject "Roomote" */;
			compatibilityVersion = "Xcode 3.2";
			developmentRegion = English;
			hasScannedForEncodings = 1;
			knownRegions = (
				English,
				Japanese,
				French,
				German,
				en,
			);
			mainGroup = 29B97314FDCFA39411CA2CEA /* CustomTemplate */;
			projectDirPath = "";
			projectRoot = "";
			targets = (
				1D6058900D05DD3D006BFB54 /* Roomote */,
			);
		};
/* End PBXProject section */

/* Begin PBXResourcesBuildPhase section */
		1D60588D0D05DD3D006BFB54 /* Resources */ = {
			isa = PBXResourcesBuildPhase;
			buildActionMask = 2147483647;
			files = (
				280E754D0DD40C5E005A515E /* FlipsideView.xib in Resources */,
				280E754E0DD40C5E005A515E /* MainView.xib in Resources */,
				D319F08D0F28A3A30067E409 /* Icon.png in Resources */,
				D3756FCE0F31D92B009A95C4 /* bg.png in Resources */,
				D3AA00030F4DDA350031897D /* info_25_50.png in Resources */,
				D3AA00070F4DDAE40031897D /* info_20_50.png in Resources */,
				D3397F0A100B5EB700BEF861 /* ButtonControlView.xib in Resources */,
				D32AC10B10120A9300F8D10D /* roomba.png in Resources */,
				D343E4461107342A008FAB52 /* CustomCommandEditView.xib in Resources */,
				D338D51D11235E040050EDF3 /* go_button.png in Resources */,
				D338D51E11235E040050EDF3 /* stop_button.png in Resources */,
				D3E97D6F113560EB003FF26E /* forward_left.png in Resources */,
				D3E97D70113560EB003FF26E /* forward_right.png in Resources */,
				D3E97D71113560EB003FF26E /* spin_left.png in Resources */,
				D3E97D72113560EB003FF26E /* spin_right.png in Resources */,
				D3E97D751135617E003FF26E /* backward_left.png in Resources */,
				D3E97D761135617E003FF26E /* backward_right.png in Resources */,
				D3E97D7911356326003FF26E /* stop_gray.png in Resources */,
				D3E97D7A11356326003FF26E /* stop.png in Resources */,
				D3E97D7C11356DD4003FF26E /* forward.png in Resources */,
				D3E97D7E11356EE3003FF26E /* backward.png in Resources */,
				D3E3328E113F5FAD009D625E /* button_64_38.png in Resources */,
				D3E33291113F6265009D625E /* button_208_38.png in Resources */,
				D3E33292113F6265009D625E /* button_88_38.png in Resources */,
				D32C70791140B46D0048BE95 /* button_160_37.png in Resources */,
				D32C707A1140B46D0048BE95 /* button_215_37.png in Resources */,
				D3D2CD9C11553A4200F4ECDD /* tutorial.html in Resources */,
				D3B2F610155EBAF100DBAC13 /* backward_left@2x.png in Resources */,
				D3B2F611155EBAF100DBAC13 /* backward_right@2x.png in Resources */,
				D3B2F612155EBAF100DBAC13 /* backward@2x.png in Resources */,
				D3B2F613155EBAF100DBAC13 /* button_64_38@2x.png in Resources */,
				D3B2F614155EBAF100DBAC13 /* button_88_38@2x.png in Resources */,
				D3B2F615155EBAF100DBAC13 /* button_160_37@2x.png in Resources */,
				D3B2F616155EBAF100DBAC13 /* button_208_38@2x.png in Resources */,
				D3B2F617155EBAF100DBAC13 /* button_215_37@2x.png in Resources */,
				D3B2F618155EBAF100DBAC13 /* forward_left@2x.png in Resources */,
				D3B2F619155EBAF100DBAC13 /* forward_right@2x.png in Resources */,
				D3B2F61A155EBAF100DBAC13 /* forward@2x.png in Resources */,
				D3B2F61B155EBAF100DBAC13 /* go_button@2x.png in Resources */,
				D3B2F61C155EBAF100DBAC13 /* roomba@2x.png in Resources */,
				D3B2F61D155EBAF100DBAC13 /* spin_left@2x.png in Resources */,
				D3B2F61E155EBAF100DBAC13 /* spin_right@2x.png in Resources */,
				D3B2F61F155EBAF100DBAC13 /* stop_button@2x.png in Resources */,
				D3B2F620155EBAF100DBAC13 /* stop_gray@2x.png in Resources */,
				D3B2F621155EBAF100DBAC13 /* stop@2x.png in Resources */,
				D3B2F624155EBB9800DBAC13 /* Icon@2x.png in Resources */,
				D3B2F626155EBDD300DBAC13 /* bg@2x.png in Resources */,
				D3B2F629155EBFC900DBAC13 /* info_20_50@2x.png in Resources */,
				D3B2F62A155EBFC900DBAC13 /* info_25_50@2x.png in Resources */,
				D3B2F631155ECF9400DBAC13 /* Default.png in Resources */,
				D3B2F632155ECF9400DBAC13 /* Default@2x.png in Resources */,
				D340F2C1167268E900306FEE /* Default-568h@2x.png in Resources */,
				D38E24B7167E163200577F6E /* ButtonControlView-568h.xib in Resources */,
				D38E24B8167E163200577F6E /* CustomCommandEditView-568h.xib in Resources */,
				D38E24B9167E163200577F6E /* FlipsideView-568h.xib in Resources */,
				D38E24BA167E163200577F6E /* MainView-568h.xib in Resources */,
				D335766D167E69D800C8F613 /* RootViewController.xib in Resources */,
				D335766F167E6AB800C8F613 /* RootViewController-568h.xib in Resources */,
			);
			runOnlyForDeploymentPostprocessing = 0;
		};
/* End PBXResourcesBuildPhase section */

/* Begin PBXSourcesBuildPhase section */
		1D60588E0D05DD3D006BFB54 /* Sources */ = {
			isa = PBXSourcesBuildPhase;
			buildActionMask = 2147483647;
			files = (
				1D60589B0D05DD56006BFB54 /* main.m in Sources */,
				1D3623260D0F684500981E51 /* RoomoteAppDelegate.m in Sources */,
				289233A60DB2D0840083E9F9 /* FlipsideView.m in Sources */,
				289233A70DB2D0840083E9F9 /* MainView.m in Sources */,
				289233AE0DB2D0DB0083E9F9 /* MainViewController.m in Sources */,
				289233AF0DB2D0DB0083E9F9 /* RootViewController.m in Sources */,
				289233B00DB2D0DB0083E9F9 /* FlipsideViewController.m in Sources */,
				D3F5B47D0F3B297B0001FCF0 /* RoombaComm.m in Sources */,
				D39EE2560F4301670005A173 /* SongPickerController.m in Sources */,
				D39EE3F70F445D700005A173 /* DemoPickerController.m in Sources */,
				D39EE4330F4467360005A173 /* ServerPickerController.m in Sources */,
				D39EE4420F446AE20005A173 /* BonjourBrowser.m in Sources */,
				D37B9703100B5206009FAA0A /* SwipeControlView.m in Sources */,
				D37B9708100B5263009FAA0A /* SwipeControlViewController.m in Sources */,
				D3397EEA100B5B8800BEF861 /* AccelerometerControlView.m in Sources */,
				D3397EEF100B5B9900BEF861 /* AccelerometerControlViewController.m in Sources */,
				D3397F00100B5BFE00BEF861 /* ButtonControlView.m in Sources */,
				D3397F05100B5C0C00BEF861 /* ButtonControlViewController.m in Sources */,
				D33982F0100E099E00BEF861 /* AccelerometerSimulation.m in Sources */,
				D343E45B11073CEC008FAB52 /* CustomCommandEditViewController.m in Sources */,
				D343E4D21107A2F4008FAB52 /* UserDefaults.m in Sources */,
			);
			runOnlyForDeploymentPostprocessing = 0;
		};
/* End PBXSourcesBuildPhase section */

/* Begin XCBuildConfiguration section */
		1D6058940D05DD3E006BFB54 /* Debug */ = {
			isa = XCBuildConfiguration;
			buildSettings = {
				ALWAYS_SEARCH_USER_PATHS = NO;
				ARCHS = "$(ARCHS_STANDARD_32_BIT)";
				COPY_PHASE_STRIP = NO;
				GCC_DYNAMIC_NO_PIC = NO;
				GCC_OPTIMIZATION_LEVEL = 0;
				GCC_PRECOMPILE_PREFIX_HEADER = YES;
				GCC_PREFIX_HEADER = Roomote_Prefix.pch;
				GCC_THUMB_SUPPORT = NO;
				INFOPLIST_FILE = Info.plist;
				IPHONEOS_DEPLOYMENT_TARGET = 4.3;
				PRODUCT_NAME = Roomote;
			};
			name = Debug;
		};
		1D6058950D05DD3E006BFB54 /* Release */ = {
			isa = XCBuildConfiguration;
			buildSettings = {
				ALWAYS_SEARCH_USER_PATHS = NO;
				ARCHS = "$(ARCHS_STANDARD_32_BIT)";
				"CODE_SIGN_IDENTITY[sdk=iphoneos*]" = "iPhone Distribution";
				COPY_PHASE_STRIP = YES;
				GCC_PRECOMPILE_PREFIX_HEADER = YES;
				GCC_PREFIX_HEADER = Roomote_Prefix.pch;
				GCC_THUMB_SUPPORT = NO;
				INFOPLIST_FILE = Info.plist;
				IPHONEOS_DEPLOYMENT_TARGET = 4.3;
				PRODUCT_NAME = Roomote;
				"PROVISIONING_PROFILE[sdk=iphoneos*]" = "";
			};
			name = Release;
		};
		C01FCF4F08A954540054247B /* Debug */ = {
			isa = XCBuildConfiguration;
			buildSettings = {
				ARCHS = "$(ARCHS_STANDARD_32_BIT)";
				"CODE_SIGN_IDENTITY[sdk=iphoneos*]" = "iPhone Developer";
				GCC_C_LANGUAGE_STANDARD = c99;
				GCC_WARN_ABOUT_RETURN_TYPE = YES;
				GCC_WARN_UNUSED_VARIABLE = YES;
				IPHONEOS_DEPLOYMENT_TARGET = 3.0;
				ONLY_ACTIVE_ARCH = YES;
				"PROVISIONING_PROFILE[sdk=iphoneos*]" = "";
				SDKROOT = iphoneos;
			};
			name = Debug;
		};
		C01FCF5008A954540054247B /* Release */ = {
			isa = XCBuildConfiguration;
			buildSettings = {
				ARCHS = "$(ARCHS_STANDARD_32_BIT)";
				"CODE_SIGN_IDENTITY[sdk=iphoneos*]" = "iPhone Distribution: Brian Pratt";
				GCC_C_LANGUAGE_STANDARD = c99;
				GCC_WARN_ABOUT_RETURN_TYPE = YES;
				GCC_WARN_UNUSED_VARIABLE = YES;
				IPHONEOS_DEPLOYMENT_TARGET = 3.0;
				"PROVISIONING_PROFILE[sdk=iphoneos*]" = "1C06CADA-403E-4F4D-A7CC-04A23D545FE5";
				SDKROOT = iphoneos;
			};
			name = Release;
		};
		D32CA86C1090830700801C5C /* Distribution */ = {
			isa = XCBuildConfiguration;
			buildSettings = {
				ARCHS = "$(ARCHS_STANDARD_32_BIT)";
				"CODE_SIGN_IDENTITY[sdk=iphoneos*]" = "iPhone Distribution";
				GCC_C_LANGUAGE_STANDARD = c99;
				GCC_WARN_ABOUT_RETURN_TYPE = YES;
				GCC_WARN_UNUSED_VARIABLE = YES;
				IPHONEOS_DEPLOYMENT_TARGET = 3.0;
				"PROVISIONING_PROFILE[sdk=iphoneos*]" = "";
				SDKROOT = iphoneos;
			};
			name = Distribution;
		};
		D32CA86D1090830700801C5C /* Distribution */ = {
			isa = XCBuildConfiguration;
			buildSettings = {
				ALWAYS_SEARCH_USER_PATHS = NO;
				ARCHS = "$(ARCHS_STANDARD_32_BIT)";
				CODE_SIGN_ENTITLEMENTS = "";
				"CODE_SIGN_IDENTITY[sdk=iphoneos*]" = "iPhone Distribution";
				COPY_PHASE_STRIP = YES;
				GCC_PRECOMPILE_PREFIX_HEADER = YES;
				GCC_PREFIX_HEADER = Roomote_Prefix.pch;
				GCC_THUMB_SUPPORT = NO;
				INFOPLIST_FILE = Info.plist;
				IPHONEOS_DEPLOYMENT_TARGET = 4.3;
				PRODUCT_NAME = Roomote;
				"PROVISIONING_PROFILE[sdk=iphoneos*]" = "";
			};
			name = Distribution;
		};
/* End XCBuildConfiguration section */

/* Begin XCConfigurationList section */
		1D6058960D05DD3E006BFB54 /* Build configuration list for PBXNativeTarget "Roomote" */ = {
			isa = XCConfigurationList;
			buildConfigurations = (
				1D6058940D05DD3E006BFB54 /* Debug */,
				1D6058950D05DD3E006BFB54 /* Release */,
				D32CA86D1090830700801C5C /* Distribution */,
			);
			defaultConfigurationIsVisible = 0;
			defaultConfigurationName = Release;
		};
		C01FCF4E08A954540054247B /* Build configuration list for PBXProject "Roomote" */ = {
			isa = XCConfigurationList;
			buildConfigurations = (
				C01FCF4F08A954540054247B /* Debug */,
				C01FCF5008A954540054247B /* Release */,
				D32CA86C1090830700801C5C /* Distribution */,
			);
			defaultConfigurationIsVisible = 0;
			defaultConfigurationName = Release;
		};
/* End XCConfigurationList section */
	};
	rootObject = 29B97313FDCFA39411CA2CEA /* Project object */;
}
